
Microsoft Visual Studio Solution File, Format Version 12.00
# Visual Studio Version 17
VisualStudioVersion = 17.8.34525.116
MinimumVisualStudioVersion = 10.0.40219.1
Project("{9A19103F-16F7-4668-BE54-9A1E7A4F7556}") = "BuildingLinkDriver", "Driver\BuildingLinkDriver.csproj", "{8032F257-D474-4C4F-94E7-8C23CAC23748}"
EndProject
Project("{FAE04EC0-301F-11D3-BF4B-00C04F79EFBC}") = "DriverUnitTest", "DriverUnitTest\DriverUnitTest.csproj", "{64D70C84-D4BB-40E1-BF38-DC48587C573C}"
EndProject
Global
	GlobalSection(SolutionConfigurationPlatforms) = preSolution
		Debug|Any CPU = Debug|Any CPU
		Release|Any CPU = Release|Any CPU
	EndGlobalSection
	GlobalSection(ProjectConfigurationPlatforms) = postSolution
		{8032F257-D474-4C4F-94E7-8C23CAC23748}.Debug|Any CPU.ActiveCfg = Debug|Any CPU
		{8032F257-D474-4C4F-94E7-8C23CAC23748}.Debug|Any CPU.Build.0 = Debug|Any CPU
		{8032F257-D474-4C4F-94E7-8C23CAC23748}.Release|Any CPU.ActiveCfg = Release|Any CPU
		{8032F257-D474-4C4F-94E7-8C23CAC23748}.Release|Any CPU.Build.0 = Release|Any CPU
		{64D70C84-D4BB-40E1-BF38-DC48587C573C}.Debug|Any CPU.ActiveCfg = Debug|Any CPU
		{64D70C84-D4BB-40E1-BF38-DC48587C573C}.Debug|Any CPU.Build.0 = Debug|Any CPU
		{64D70C84-D4BB-40E1-BF38-DC48587C573C}.Release|Any CPU.ActiveCfg = Release|Any CPU
		{64D70C84-D4BB-40E1-BF38-DC48587C573C}.Release|Any CPU.Build.0 = Release|Any CPU
	EndGlobalSection
	GlobalSection(SolutionProperties) = preSolution
		HideSolutionNode = FALSE
	EndGlobalSection
	GlobalSection(ExtensibilityGlobals) = postSolution
		SolutionGuid = {B059360F-C463-4791-810D-E20FE15D98F5}
	EndGlobalSection
EndGlobal
